// !$*UTF8*$!
{
	archiveVersion = 1;
	classes = {
	};
	objectVersion = 50;
	objects = {

/* Begin PBXBuildFile section */
		2E07DAFD229DAA2F0092217F /* GameEncodingBuffer.swift in Sources */ = {isa = PBXBuildFile; fileRef = 2E07DAFC229DAA2F0092217F /* GameEncodingBuffer.swift */; };
		2E07DAFF229DAFEF0092217F /* AIGameScene.swift in Sources */ = {isa = PBXBuildFile; fileRef = 2E07DAFE229DAFEF0092217F /* AIGameScene.swift */; };
		2E07DB01229DB2370092217F /* Opponent.swift in Sources */ = {isa = PBXBuildFile; fileRef = 2E07DB00229DB2370092217F /* Opponent.swift */; };
		2E07DB03229DB3150092217F /* OtherPlayer.swift in Sources */ = {isa = PBXBuildFile; fileRef = 2E07DB02229DB3150092217F /* OtherPlayer.swift */; };
		2E07DB06229DBE500092217F /* PvPGameScene.swift in Sources */ = {isa = PBXBuildFile; fileRef = 2E07DB05229DBE500092217F /* PvPGameScene.swift */; };
		2E07DB08229DBECD0092217F /* PvPGameScene.sks in Resources */ = {isa = PBXBuildFile; fileRef = 2E07DB07229DBECD0092217F /* PvPGameScene.sks */; };
		2E07DB0A229DC06D0092217F /* PvPViewController.swift in Sources */ = {isa = PBXBuildFile; fileRef = 2E07DB09229DC06D0092217F /* PvPViewController.swift */; };
		2E1362AB22971D190055DEF0 /* PlayViewController.swift in Sources */ = {isa = PBXBuildFile; fileRef = 2E1362AA22971D190055DEF0 /* PlayViewController.swift */; };
		2E39DF43227B65CA00EA1C84 /* AppDelegate.swift in Sources */ = {isa = PBXBuildFile; fileRef = 2E39DF42227B65CA00EA1C84 /* AppDelegate.swift */; };
		2E39DF45227B65CA00EA1C84 /* AIGameScene.sks in Resources */ = {isa = PBXBuildFile; fileRef = 2E39DF44227B65CA00EA1C84 /* AIGameScene.sks */; };
		2E39DF47227B65CA00EA1C84 /* Actions.sks in Resources */ = {isa = PBXBuildFile; fileRef = 2E39DF46227B65CA00EA1C84 /* Actions.sks */; };
		2E39DF49227B65CA00EA1C84 /* GameScene.swift in Sources */ = {isa = PBXBuildFile; fileRef = 2E39DF48227B65CA00EA1C84 /* GameScene.swift */; };
		2E39DF4B227B65CA00EA1C84 /* GameViewController.swift in Sources */ = {isa = PBXBuildFile; fileRef = 2E39DF4A227B65CA00EA1C84 /* GameViewController.swift */; };
		2E39DF4E227B65CA00EA1C84 /* Main.storyboard in Resources */ = {isa = PBXBuildFile; fileRef = 2E39DF4C227B65CA00EA1C84 /* Main.storyboard */; };
		2E39DF53227B65CA00EA1C84 /* LaunchScreen.storyboard in Resources */ = {isa = PBXBuildFile; fileRef = 2E39DF51227B65CA00EA1C84 /* LaunchScreen.storyboard */; };
		2E39DF5E227B65CA00EA1C84 /* Maze_SnakeTests.swift in Sources */ = {isa = PBXBuildFile; fileRef = 2E39DF5D227B65CA00EA1C84 /* Maze_SnakeTests.swift */; };
		2E39DF69227B65CA00EA1C84 /* Maze_SnakeUITests.swift in Sources */ = {isa = PBXBuildFile; fileRef = 2E39DF68227B65CA00EA1C84 /* Maze_SnakeUITests.swift */; };
		2E47C74E229721C50007576C /* walkingDown.atlas in Resources */ = {isa = PBXBuildFile; fileRef = 2E47C74D229721C50007576C /* walkingDown.atlas */; };
		2E7870EB228205C900FB1303 /* Stack.swift in Sources */ = {isa = PBXBuildFile; fileRef = 2E7870EA228205C900FB1303 /* Stack.swift */; };
		2E8B678022A19F57005BC45B /* GoogleService-Info.plist in Resources */ = {isa = PBXBuildFile; fileRef = 2E8B677F22A19F57005BC45B /* GoogleService-Info.plist */; };
		2E9C4D022284AF4A009C9BFA /* AnalogStick.swift in Sources */ = {isa = PBXBuildFile; fileRef = 2E9C4D012284AF4A009C9BFA /* AnalogStick.swift */; };
		2EB4D68B2289EA96009F5F3E /* Trophy.swift in Sources */ = {isa = PBXBuildFile; fileRef = 2EB4D68A2289EA96009F5F3E /* Trophy.swift */; };
		2ECD0A50229870D200318C0B /* SettingsViewController.swift in Sources */ = {isa = PBXBuildFile; fileRef = 2ECD0A4F229870D200318C0B /* SettingsViewController.swift */; };
		2ECD0A522298766C00318C0B /* walkingLeft.atlas in Resources */ = {isa = PBXBuildFile; fileRef = 2ECD0A512298766B00318C0B /* walkingLeft.atlas */; };
		2ECD0A5422987E6400318C0B /* walkingUp.atlas in Resources */ = {isa = PBXBuildFile; fileRef = 2ECD0A5322987E6400318C0B /* walkingUp.atlas */; };
		2ECD0A5622987F3400318C0B /* walkingRight.atlas in Resources */ = {isa = PBXBuildFile; fileRef = 2ECD0A5522987F3400318C0B /* walkingRight.atlas */; };
		2EDD7A972280B6C4002B7783 /* NodeToDir.swift in Sources */ = {isa = PBXBuildFile; fileRef = 2EDD7A962280B6C4002B7783 /* NodeToDir.swift */; };
		3CD6A9F1537C1A3181838A14 /* Pods_Maze_SnakeUITests.framework in Frameworks */ = {isa = PBXBuildFile; fileRef = C6476F6835E8EEC2C6A37FF3 /* Pods_Maze_SnakeUITests.framework */; };
		44A0D10D229E1CC5001C9706 /* PvPConnectionExt.swift in Sources */ = {isa = PBXBuildFile; fileRef = 44A0D10C229E1CC5001C9706 /* PvPConnectionExt.swift */; };
		44ACC50A22906F8E0054C91A /* InfoDisplay.swift in Sources */ = {isa = PBXBuildFile; fileRef = 44ACC50922906F8E0054C91A /* InfoDisplay.swift */; };
		44F2474322949F2300C69AA0 /* GameSceneExt.swift in Sources */ = {isa = PBXBuildFile; fileRef = 44F2474222949F2300C69AA0 /* GameSceneExt.swift */; };
		6111961F2284C4300075EEC9 /* MiniMapNode.swift in Sources */ = {isa = PBXBuildFile; fileRef = 6111961E2284C4300075EEC9 /* MiniMapNode.swift */; };
		61163AEE227CECDB001F49E1 /* Tiles.sks in Resources */ = {isa = PBXBuildFile; fileRef = 61163AEC227CECDB001F49E1 /* Tiles.sks */; };
		61163AEF227CECDB001F49E1 /* Assets.xcassets in Resources */ = {isa = PBXBuildFile; fileRef = 61163AED227CECDB001F49E1 /* Assets.xcassets */; };
		6117704F22A2B54100F67AB8 /* ScoringPacket.swift in Sources */ = {isa = PBXBuildFile; fileRef = 6117704E22A2B54100F67AB8 /* ScoringPacket.swift */; };
		615D67FC2283BD0A00D0100A /* AI.swift in Sources */ = {isa = PBXBuildFile; fileRef = 615D67FB2283BD0A00D0100A /* AI.swift */; };
		615D67FE2283C0D100D0100A /* GridPosition.swift in Sources */ = {isa = PBXBuildFile; fileRef = 615D67FD2283C0D100D0100A /* GridPosition.swift */; };
		615D68002283C32500D0100A /* Directions.swift in Sources */ = {isa = PBXBuildFile; fileRef = 615D67FF2283C32500D0100A /* Directions.swift */; };
		61930BD6227D19C200550DD0 /* TileNode.swift in Sources */ = {isa = PBXBuildFile; fileRef = 61930BD5227D19C200550DD0 /* TileNode.swift */; };
		61930BD8227D1B0700550DD0 /* TileController.swift in Sources */ = {isa = PBXBuildFile; fileRef = 61930BD7227D1B0700550DD0 /* TileController.swift */; };
		61930BDA227DD12200550DD0 /* TestTIles.sks in Resources */ = {isa = PBXBuildFile; fileRef = 61930BD9227DD12200550DD0 /* TestTIles.sks */; };
		61930BDC227DE7BF00550DD0 /* Maze.swift in Sources */ = {isa = PBXBuildFile; fileRef = 61930BDB227DE7BF00550DD0 /* Maze.swift */; };
		619AFE5D22871E81000784A4 /* TextureSet.swift in Sources */ = {isa = PBXBuildFile; fileRef = 619AFE5C22871E81000784A4 /* TextureSet.swift */; };
		619FEA2C228CEE4600C28842 /* Monster.swift in Sources */ = {isa = PBXBuildFile; fileRef = 619FEA2B228CEE4600C28842 /* Monster.swift */; };
		61B48313228397AF0045BF3A /* Actor.swift in Sources */ = {isa = PBXBuildFile; fileRef = 61B48312228397AF0045BF3A /* Actor.swift */; };
		61B48315228397EB0045BF3A /* Player.swift in Sources */ = {isa = PBXBuildFile; fileRef = 61B48314228397EB0045BF3A /* Player.swift */; };
		61D584F0229F4BA300C751C5 /* SoundController.swift in Sources */ = {isa = PBXBuildFile; fileRef = 61D584EF229F4BA300C751C5 /* SoundController.swift */; };
		61D584F8229F4EC900C751C5 /* background-music.wav in Resources */ = {isa = PBXBuildFile; fileRef = 61D584F2229F4EC800C751C5 /* background-music.wav */; };
		61D584F9229F4EC900C751C5 /* end.wav in Resources */ = {isa = PBXBuildFile; fileRef = 61D584F3229F4EC800C751C5 /* end.wav */; };
		61D584FA229F4EC900C751C5 /* footsteps.wav in Resources */ = {isa = PBXBuildFile; fileRef = 61D584F4229F4EC800C751C5 /* footsteps.wav */; };
		61D584FB229F4EC900C751C5 /* trophy-collect.wav in Resources */ = {isa = PBXBuildFile; fileRef = 61D584F5229F4EC800C751C5 /* trophy-collect.wav */; };
		61D584FC229F4EC900C751C5 /* death.wav in Resources */ = {isa = PBXBuildFile; fileRef = 61D584F6229F4EC800C751C5 /* death.wav */; };
		61D584FD229F4EC900C751C5 /* game-over.wav in Resources */ = {isa = PBXBuildFile; fileRef = 61D584F7229F4EC900C751C5 /* game-over.wav */; };
		61D584FF229F619700C751C5 /* SFXController.swift in Sources */ = {isa = PBXBuildFile; fileRef = 61D584FE229F619700C751C5 /* SFXController.swift */; };
		61DA9DDA2298E27500129D34 /* BestFittingUIFont.swift in Sources */ = {isa = PBXBuildFile; fileRef = 61DA9DD92298E27500129D34 /* BestFittingUIFont.swift */; };
		61DA9DDC2298E2BD00129D34 /* FitToBoundsLabel.swift in Sources */ = {isa = PBXBuildFile; fileRef = 61DA9DDB2298E2BD00129D34 /* FitToBoundsLabel.swift */; };
		61DAA85A227CFBD1000FE4D0 /* MainViewController.swift in Sources */ = {isa = PBXBuildFile; fileRef = 61DAA859227CFBD1000FE4D0 /* MainViewController.swift */; };
		61DE97DB2299712400EE28E3 /* Collision Detection.swift in Sources */ = {isa = PBXBuildFile; fileRef = 61DE97DA2299712400EE28E3 /* Collision Detection.swift */; };
		61E0D1FB228110B700A6DE5C /* GraphCreation.swift in Sources */ = {isa = PBXBuildFile; fileRef = 61E0D1FA228110B700A6DE5C /* GraphCreation.swift */; };
		61F7C6AA228EF5F20006597B /* GraphNodeEquality.swift in Sources */ = {isa = PBXBuildFile; fileRef = 61F7C6A9228EF5F20006597B /* GraphNodeEquality.swift */; };
		76AD79465BB11557E07076DD /* Pods_Maze_SnakeTests.framework in Frameworks */ = {isa = PBXBuildFile; fileRef = 7CEF2C19BF1BDFD63C34591F /* Pods_Maze_SnakeTests.framework */; };
		B09BD8479F66A13AD193249D /* Pods_Maze_Snake.framework in Frameworks */ = {isa = PBXBuildFile; fileRef = 69A40D2655BDD286DF17249A /* Pods_Maze_Snake.framework */; };
/* End PBXBuildFile section */

/* Begin PBXContainerItemProxy section */
		2E39DF5A227B65CA00EA1C84 /* PBXContainerItemProxy */ = {
			isa = PBXContainerItemProxy;
			containerPortal = 2E39DF37227B65CA00EA1C84 /* Project object */;
			proxyType = 1;
			remoteGlobalIDString = 2E39DF3E227B65CA00EA1C84;
			remoteInfo = "Maze-Snake";
		};
		2E39DF65227B65CA00EA1C84 /* PBXContainerItemProxy */ = {
			isa = PBXContainerItemProxy;
			containerPortal = 2E39DF37227B65CA00EA1C84 /* Project object */;
			proxyType = 1;
			remoteGlobalIDString = 2E39DF3E227B65CA00EA1C84;
			remoteInfo = "Maze-Snake";
		};
/* End PBXContainerItemProxy section */

/* Begin PBXFileReference section */
		2E07DAFC229DAA2F0092217F /* GameEncodingBuffer.swift */ = {isa = PBXFileReference; lastKnownFileType = sourcecode.swift; path = GameEncodingBuffer.swift; sourceTree = "<group>"; };
		2E07DAFE229DAFEF0092217F /* AIGameScene.swift */ = {isa = PBXFileReference; lastKnownFileType = sourcecode.swift; path = AIGameScene.swift; sourceTree = "<group>"; };
		2E07DB00229DB2370092217F /* Opponent.swift */ = {isa = PBXFileReference; lastKnownFileType = sourcecode.swift; path = Opponent.swift; sourceTree = "<group>"; };
		2E07DB02229DB3150092217F /* OtherPlayer.swift */ = {isa = PBXFileReference; lastKnownFileType = sourcecode.swift; path = OtherPlayer.swift; sourceTree = "<group>"; };
		2E07DB05229DBE500092217F /* PvPGameScene.swift */ = {isa = PBXFileReference; lastKnownFileType = sourcecode.swift; path = PvPGameScene.swift; sourceTree = "<group>"; };
		2E07DB07229DBECD0092217F /* PvPGameScene.sks */ = {isa = PBXFileReference; lastKnownFileType = file.sks; path = PvPGameScene.sks; sourceTree = "<group>"; };
		2E07DB09229DC06D0092217F /* PvPViewController.swift */ = {isa = PBXFileReference; lastKnownFileType = sourcecode.swift; path = PvPViewController.swift; sourceTree = "<group>"; };
		2E1362AA22971D190055DEF0 /* PlayViewController.swift */ = {isa = PBXFileReference; lastKnownFileType = sourcecode.swift; path = PlayViewController.swift; sourceTree = "<group>"; };
		2E39DF3F227B65CA00EA1C84 /* Maze-Snake.app */ = {isa = PBXFileReference; explicitFileType = wrapper.application; includeInIndex = 0; path = "Maze-Snake.app"; sourceTree = BUILT_PRODUCTS_DIR; };
		2E39DF42227B65CA00EA1C84 /* AppDelegate.swift */ = {isa = PBXFileReference; lastKnownFileType = sourcecode.swift; path = AppDelegate.swift; sourceTree = "<group>"; };
		2E39DF44227B65CA00EA1C84 /* AIGameScene.sks */ = {isa = PBXFileReference; lastKnownFileType = file.sks; path = AIGameScene.sks; sourceTree = "<group>"; };
		2E39DF46227B65CA00EA1C84 /* Actions.sks */ = {isa = PBXFileReference; lastKnownFileType = file.sks; path = Actions.sks; sourceTree = "<group>"; };
		2E39DF48227B65CA00EA1C84 /* GameScene.swift */ = {isa = PBXFileReference; lastKnownFileType = sourcecode.swift; path = GameScene.swift; sourceTree = "<group>"; };
		2E39DF4A227B65CA00EA1C84 /* GameViewController.swift */ = {isa = PBXFileReference; lastKnownFileType = sourcecode.swift; path = GameViewController.swift; sourceTree = "<group>"; };
		2E39DF4D227B65CA00EA1C84 /* Base */ = {isa = PBXFileReference; lastKnownFileType = file.storyboard; name = Base; path = Base.lproj/Main.storyboard; sourceTree = "<group>"; };
		2E39DF52227B65CA00EA1C84 /* Base */ = {isa = PBXFileReference; lastKnownFileType = file.storyboard; name = Base; path = Base.lproj/LaunchScreen.storyboard; sourceTree = "<group>"; };
		2E39DF54227B65CA00EA1C84 /* Info.plist */ = {isa = PBXFileReference; lastKnownFileType = text.plist.xml; path = Info.plist; sourceTree = "<group>"; };
		2E39DF59227B65CA00EA1C84 /* Maze-SnakeTests.xctest */ = {isa = PBXFileReference; explicitFileType = wrapper.cfbundle; includeInIndex = 0; path = "Maze-SnakeTests.xctest"; sourceTree = BUILT_PRODUCTS_DIR; };
		2E39DF5D227B65CA00EA1C84 /* Maze_SnakeTests.swift */ = {isa = PBXFileReference; lastKnownFileType = sourcecode.swift; path = Maze_SnakeTests.swift; sourceTree = "<group>"; };
		2E39DF5F227B65CA00EA1C84 /* Info.plist */ = {isa = PBXFileReference; lastKnownFileType = text.plist.xml; path = Info.plist; sourceTree = "<group>"; };
		2E39DF64227B65CA00EA1C84 /* Maze-SnakeUITests.xctest */ = {isa = PBXFileReference; explicitFileType = wrapper.cfbundle; includeInIndex = 0; path = "Maze-SnakeUITests.xctest"; sourceTree = BUILT_PRODUCTS_DIR; };
		2E39DF68227B65CA00EA1C84 /* Maze_SnakeUITests.swift */ = {isa = PBXFileReference; lastKnownFileType = sourcecode.swift; path = Maze_SnakeUITests.swift; sourceTree = "<group>"; };
		2E39DF6A227B65CA00EA1C84 /* Info.plist */ = {isa = PBXFileReference; lastKnownFileType = text.plist.xml; path = Info.plist; sourceTree = "<group>"; };
		2E47C74D229721C50007576C /* walkingDown.atlas */ = {isa = PBXFileReference; lastKnownFileType = folder.skatlas; path = walkingDown.atlas; sourceTree = "<group>"; };
		2E7870EA228205C900FB1303 /* Stack.swift */ = {isa = PBXFileReference; lastKnownFileType = sourcecode.swift; path = Stack.swift; sourceTree = "<group>"; };
		2E8B677F22A19F57005BC45B /* GoogleService-Info.plist */ = {isa = PBXFileReference; fileEncoding = 4; lastKnownFileType = text.plist.xml; path = "GoogleService-Info.plist"; sourceTree = "<group>"; };
		2E9C4D012284AF4A009C9BFA /* AnalogStick.swift */ = {isa = PBXFileReference; lastKnownFileType = sourcecode.swift; path = AnalogStick.swift; sourceTree = "<group>"; };
		2EB4D68A2289EA96009F5F3E /* Trophy.swift */ = {isa = PBXFileReference; lastKnownFileType = sourcecode.swift; path = Trophy.swift; sourceTree = "<group>"; };
		2ECD0A4F229870D200318C0B /* SettingsViewController.swift */ = {isa = PBXFileReference; lastKnownFileType = sourcecode.swift; path = SettingsViewController.swift; sourceTree = "<group>"; };
		2ECD0A512298766B00318C0B /* walkingLeft.atlas */ = {isa = PBXFileReference; lastKnownFileType = folder.skatlas; path = walkingLeft.atlas; sourceTree = "<group>"; };
		2ECD0A5322987E6400318C0B /* walkingUp.atlas */ = {isa = PBXFileReference; lastKnownFileType = folder.skatlas; path = walkingUp.atlas; sourceTree = "<group>"; };
		2ECD0A5522987F3400318C0B /* walkingRight.atlas */ = {isa = PBXFileReference; lastKnownFileType = folder.skatlas; path = walkingRight.atlas; sourceTree = "<group>"; };
		2EDD7A962280B6C4002B7783 /* NodeToDir.swift */ = {isa = PBXFileReference; lastKnownFileType = sourcecode.swift; path = NodeToDir.swift; sourceTree = "<group>"; };
		44A0D10C229E1CC5001C9706 /* PvPConnectionExt.swift */ = {isa = PBXFileReference; lastKnownFileType = sourcecode.swift; path = PvPConnectionExt.swift; sourceTree = "<group>"; };
		44ACC50922906F8E0054C91A /* InfoDisplay.swift */ = {isa = PBXFileReference; lastKnownFileType = sourcecode.swift; path = InfoDisplay.swift; sourceTree = "<group>"; };
		44F2474222949F2300C69AA0 /* GameSceneExt.swift */ = {isa = PBXFileReference; lastKnownFileType = sourcecode.swift; path = GameSceneExt.swift; sourceTree = "<group>"; };
		4B902D139DE70F3F9EDA8D52 /* Pods-Maze-Snake.debug.xcconfig */ = {isa = PBXFileReference; includeInIndex = 1; lastKnownFileType = text.xcconfig; name = "Pods-Maze-Snake.debug.xcconfig"; path = "Target Support Files/Pods-Maze-Snake/Pods-Maze-Snake.debug.xcconfig"; sourceTree = "<group>"; };
		58A47ACEA6407DD66FE2207D /* Pods-Maze-SnakeTests.release.xcconfig */ = {isa = PBXFileReference; includeInIndex = 1; lastKnownFileType = text.xcconfig; name = "Pods-Maze-SnakeTests.release.xcconfig"; path = "Target Support Files/Pods-Maze-SnakeTests/Pods-Maze-SnakeTests.release.xcconfig"; sourceTree = "<group>"; };
		6111961E2284C4300075EEC9 /* MiniMapNode.swift */ = {isa = PBXFileReference; lastKnownFileType = sourcecode.swift; path = MiniMapNode.swift; sourceTree = "<group>"; };
		61163AEC227CECDB001F49E1 /* Tiles.sks */ = {isa = PBXFileReference; lastKnownFileType = file.sks; path = Tiles.sks; sourceTree = "<group>"; };
		61163AED227CECDB001F49E1 /* Assets.xcassets */ = {isa = PBXFileReference; lastKnownFileType = folder.assetcatalog; path = Assets.xcassets; sourceTree = "<group>"; };
		6117704E22A2B54100F67AB8 /* ScoringPacket.swift */ = {isa = PBXFileReference; lastKnownFileType = sourcecode.swift; path = ScoringPacket.swift; sourceTree = "<group>"; };
		615D67FB2283BD0A00D0100A /* AI.swift */ = {isa = PBXFileReference; lastKnownFileType = sourcecode.swift; path = AI.swift; sourceTree = "<group>"; };
		615D67FD2283C0D100D0100A /* GridPosition.swift */ = {isa = PBXFileReference; lastKnownFileType = sourcecode.swift; path = GridPosition.swift; sourceTree = "<group>"; };
		615D67FF2283C32500D0100A /* Directions.swift */ = {isa = PBXFileReference; lastKnownFileType = sourcecode.swift; path = Directions.swift; sourceTree = "<group>"; };
		61930BD5227D19C200550DD0 /* TileNode.swift */ = {isa = PBXFileReference; lastKnownFileType = sourcecode.swift; path = TileNode.swift; sourceTree = "<group>"; };
		61930BD7227D1B0700550DD0 /* TileController.swift */ = {isa = PBXFileReference; lastKnownFileType = sourcecode.swift; path = TileController.swift; sourceTree = "<group>"; };
		61930BD9227DD12200550DD0 /* TestTIles.sks */ = {isa = PBXFileReference; lastKnownFileType = file.sks; path = TestTIles.sks; sourceTree = "<group>"; };
		61930BDB227DE7BF00550DD0 /* Maze.swift */ = {isa = PBXFileReference; lastKnownFileType = sourcecode.swift; path = Maze.swift; sourceTree = "<group>"; };
		619AFE5C22871E81000784A4 /* TextureSet.swift */ = {isa = PBXFileReference; lastKnownFileType = sourcecode.swift; path = TextureSet.swift; sourceTree = "<group>"; };
		619FEA2B228CEE4600C28842 /* Monster.swift */ = {isa = PBXFileReference; lastKnownFileType = sourcecode.swift; path = Monster.swift; sourceTree = "<group>"; };
		61B48312228397AF0045BF3A /* Actor.swift */ = {isa = PBXFileReference; lastKnownFileType = sourcecode.swift; path = Actor.swift; sourceTree = "<group>"; };
		61B48314228397EB0045BF3A /* Player.swift */ = {isa = PBXFileReference; lastKnownFileType = sourcecode.swift; path = Player.swift; sourceTree = "<group>"; };
		61D584EF229F4BA300C751C5 /* SoundController.swift */ = {isa = PBXFileReference; lastKnownFileType = sourcecode.swift; path = SoundController.swift; sourceTree = "<group>"; };
		61D584F2229F4EC800C751C5 /* background-music.wav */ = {isa = PBXFileReference; lastKnownFileType = audio.wav; path = "background-music.wav"; sourceTree = "<group>"; };
		61D584F3229F4EC800C751C5 /* end.wav */ = {isa = PBXFileReference; lastKnownFileType = audio.wav; path = end.wav; sourceTree = "<group>"; };
		61D584F4229F4EC800C751C5 /* footsteps.wav */ = {isa = PBXFileReference; lastKnownFileType = audio.wav; path = footsteps.wav; sourceTree = "<group>"; };
		61D584F5229F4EC800C751C5 /* trophy-collect.wav */ = {isa = PBXFileReference; lastKnownFileType = audio.wav; path = "trophy-collect.wav"; sourceTree = "<group>"; };
		61D584F6229F4EC800C751C5 /* death.wav */ = {isa = PBXFileReference; lastKnownFileType = audio.wav; path = death.wav; sourceTree = "<group>"; };
		61D584F7229F4EC900C751C5 /* game-over.wav */ = {isa = PBXFileReference; lastKnownFileType = audio.wav; path = "game-over.wav"; sourceTree = "<group>"; };
		61D584FE229F619700C751C5 /* SFXController.swift */ = {isa = PBXFileReference; lastKnownFileType = sourcecode.swift; path = SFXController.swift; sourceTree = "<group>"; };
		61DA9DD92298E27500129D34 /* BestFittingUIFont.swift */ = {isa = PBXFileReference; lastKnownFileType = sourcecode.swift; path = BestFittingUIFont.swift; sourceTree = "<group>"; };
		61DA9DDB2298E2BD00129D34 /* FitToBoundsLabel.swift */ = {isa = PBXFileReference; lastKnownFileType = sourcecode.swift; path = FitToBoundsLabel.swift; sourceTree = "<group>"; };
		61DAA859227CFBD1000FE4D0 /* MainViewController.swift */ = {isa = PBXFileReference; lastKnownFileType = sourcecode.swift; path = MainViewController.swift; sourceTree = "<group>"; };
		61DE97DA2299712400EE28E3 /* Collision Detection.swift */ = {isa = PBXFileReference; lastKnownFileType = sourcecode.swift; path = "Collision Detection.swift"; sourceTree = "<group>"; };
		61E0D1FA228110B700A6DE5C /* GraphCreation.swift */ = {isa = PBXFileReference; lastKnownFileType = sourcecode.swift; path = GraphCreation.swift; sourceTree = "<group>"; };
		61F7C6A9228EF5F20006597B /* GraphNodeEquality.swift */ = {isa = PBXFileReference; lastKnownFileType = sourcecode.swift; path = GraphNodeEquality.swift; sourceTree = "<group>"; };
		69A40D2655BDD286DF17249A /* Pods_Maze_Snake.framework */ = {isa = PBXFileReference; explicitFileType = wrapper.framework; includeInIndex = 0; path = Pods_Maze_Snake.framework; sourceTree = BUILT_PRODUCTS_DIR; };
		7CEF2C19BF1BDFD63C34591F /* Pods_Maze_SnakeTests.framework */ = {isa = PBXFileReference; explicitFileType = wrapper.framework; includeInIndex = 0; path = Pods_Maze_SnakeTests.framework; sourceTree = BUILT_PRODUCTS_DIR; };
		81222F015F1D4FAF48765096 /* Pods-Maze-Snake.release.xcconfig */ = {isa = PBXFileReference; includeInIndex = 1; lastKnownFileType = text.xcconfig; name = "Pods-Maze-Snake.release.xcconfig"; path = "Target Support Files/Pods-Maze-Snake/Pods-Maze-Snake.release.xcconfig"; sourceTree = "<group>"; };
		82F6C88E1CD707E10423CA06 /* Pods-Maze-SnakeUITests.release.xcconfig */ = {isa = PBXFileReference; includeInIndex = 1; lastKnownFileType = text.xcconfig; name = "Pods-Maze-SnakeUITests.release.xcconfig"; path = "Target Support Files/Pods-Maze-SnakeUITests/Pods-Maze-SnakeUITests.release.xcconfig"; sourceTree = "<group>"; };
		C6476F6835E8EEC2C6A37FF3 /* Pods_Maze_SnakeUITests.framework */ = {isa = PBXFileReference; explicitFileType = wrapper.framework; includeInIndex = 0; path = Pods_Maze_SnakeUITests.framework; sourceTree = BUILT_PRODUCTS_DIR; };
		D6A09E0AE737391E00D83005 /* Pods-Maze-SnakeUITests.debug.xcconfig */ = {isa = PBXFileReference; includeInIndex = 1; lastKnownFileType = text.xcconfig; name = "Pods-Maze-SnakeUITests.debug.xcconfig"; path = "Target Support Files/Pods-Maze-SnakeUITests/Pods-Maze-SnakeUITests.debug.xcconfig"; sourceTree = "<group>"; };
		FD7F01F40A32466DAF462D56 /* Pods-Maze-SnakeTests.debug.xcconfig */ = {isa = PBXFileReference; includeInIndex = 1; lastKnownFileType = text.xcconfig; name = "Pods-Maze-SnakeTests.debug.xcconfig"; path = "Target Support Files/Pods-Maze-SnakeTests/Pods-Maze-SnakeTests.debug.xcconfig"; sourceTree = "<group>"; };
/* End PBXFileReference section */

/* Begin PBXFrameworksBuildPhase section */
		2E39DF3C227B65CA00EA1C84 /* Frameworks */ = {
			isa = PBXFrameworksBuildPhase;
			buildActionMask = 2147483647;
			files = (
				B09BD8479F66A13AD193249D /* Pods_Maze_Snake.framework in Frameworks */,
			);
			runOnlyForDeploymentPostprocessing = 0;
		};
		2E39DF56227B65CA00EA1C84 /* Frameworks */ = {
			isa = PBXFrameworksBuildPhase;
			buildActionMask = 2147483647;
			files = (
				76AD79465BB11557E07076DD /* Pods_Maze_SnakeTests.framework in Frameworks */,
			);
			runOnlyForDeploymentPostprocessing = 0;
		};
		2E39DF61227B65CA00EA1C84 /* Frameworks */ = {
			isa = PBXFrameworksBuildPhase;
			buildActionMask = 2147483647;
			files = (
				3CD6A9F1537C1A3181838A14 /* Pods_Maze_SnakeUITests.framework in Frameworks */,
			);
			runOnlyForDeploymentPostprocessing = 0;
		};
/* End PBXFrameworksBuildPhase section */

/* Begin PBXGroup section */
		29235E970A509C51E571A240 /* Frameworks */ = {
			isa = PBXGroup;
			children = (
				69A40D2655BDD286DF17249A /* Pods_Maze_Snake.framework */,
				7CEF2C19BF1BDFD63C34591F /* Pods_Maze_SnakeTests.framework */,
				C6476F6835E8EEC2C6A37FF3 /* Pods_Maze_SnakeUITests.framework */,
			);
			name = Frameworks;
			sourceTree = "<group>";
		};
		2E07DB04229DBE1A0092217F /* Base Game */ = {
			isa = PBXGroup;
			children = (
				2E39DF48227B65CA00EA1C84 /* GameScene.swift */,
				61DE97D82299705300EE28E3 /* Game Inits */,
				61DE97D92299708800EE28E3 /* Physcics Contact */,
			);
			path = "Base Game";
			sourceTree = "<group>";
		};
		2E39DF36227B65CA00EA1C84 = {
			isa = PBXGroup;
			children = (
				2E39DF41227B65CA00EA1C84 /* Maze-Snake */,
				2E39DF5C227B65CA00EA1C84 /* Maze-SnakeTests */,
				2E39DF67227B65CA00EA1C84 /* Maze-SnakeUITests */,
				2E39DF40227B65CA00EA1C84 /* Products */,
				5904ADE617A4FEFF47F49CB4 /* Pods */,
				29235E970A509C51E571A240 /* Frameworks */,
			);
			sourceTree = "<group>";
		};
		2E39DF40227B65CA00EA1C84 /* Products */ = {
			isa = PBXGroup;
			children = (
				2E39DF3F227B65CA00EA1C84 /* Maze-Snake.app */,
				2E39DF59227B65CA00EA1C84 /* Maze-SnakeTests.xctest */,
				2E39DF64227B65CA00EA1C84 /* Maze-SnakeUITests.xctest */,
			);
			name = Products;
			sourceTree = "<group>";
		};
		2E39DF41227B65CA00EA1C84 /* Maze-Snake */ = {
			isa = PBXGroup;
			children = (
				2E8B677F22A19F57005BC45B /* GoogleService-Info.plist */,
				2E39DF54227B65CA00EA1C84 /* Info.plist */,
				2E39DF42227B65CA00EA1C84 /* AppDelegate.swift */,
				61163AED227CECDB001F49E1 /* Assets.xcassets */,
				2E47C74D229721C50007576C /* walkingDown.atlas */,
				2ECD0A5322987E6400318C0B /* walkingUp.atlas */,
				2ECD0A512298766B00318C0B /* walkingLeft.atlas */,
				2ECD0A5522987F3400318C0B /* walkingRight.atlas */,
				2E7870E92282055D00FB1303 /* Data Structures */,
				611196202284DC070075EEC9 /* Utility */,
				2EDD7A952280B68A002B7783 /* Extensions */,
				2E39DF78227B67D400EA1C84 /* Storyboards */,
				61DAA858227CFBBC000FE4D0 /* Menu Screens */,
				2E39DF77227B66A000EA1C84 /* Game Screen */,
				619FEA2A228CEDE800C28842 /* Game Mechanics */,
				61D584EE229F498100C751C5 /* Sounds */,
			);
			path = "Maze-Snake";
			sourceTree = "<group>";
		};
		2E39DF5C227B65CA00EA1C84 /* Maze-SnakeTests */ = {
			isa = PBXGroup;
			children = (
				2E39DF5D227B65CA00EA1C84 /* Maze_SnakeTests.swift */,
				2E39DF5F227B65CA00EA1C84 /* Info.plist */,
			);
			path = "Maze-SnakeTests";
			sourceTree = "<group>";
		};
		2E39DF67227B65CA00EA1C84 /* Maze-SnakeUITests */ = {
			isa = PBXGroup;
			children = (
				2E39DF68227B65CA00EA1C84 /* Maze_SnakeUITests.swift */,
				2E39DF6A227B65CA00EA1C84 /* Info.plist */,
			);
			path = "Maze-SnakeUITests";
			sourceTree = "<group>";
		};
		2E39DF77227B66A000EA1C84 /* Game Screen */ = {
			isa = PBXGroup;
			children = (
				2E07DB04229DBE1A0092217F /* Base Game */,
				61DAA855227CFAE2000FE4D0 /* ViewController */,
				61DAA854227CFAD6000FE4D0 /* Scene */,
				61DAA853227CFAB8000FE4D0 /* SKS Resources */,
			);
			path = "Game Screen";
			sourceTree = "<group>";
		};
		2E39DF78227B67D400EA1C84 /* Storyboards */ = {
			isa = PBXGroup;
			children = (
				2E39DF51227B65CA00EA1C84 /* LaunchScreen.storyboard */,
				2E39DF4C227B65CA00EA1C84 /* Main.storyboard */,
			);
			path = Storyboards;
			sourceTree = "<group>";
		};
		2E7870E92282055D00FB1303 /* Data Structures */ = {
			isa = PBXGroup;
			children = (
				2E7870EA228205C900FB1303 /* Stack.swift */,
				615D67FD2283C0D100D0100A /* GridPosition.swift */,
				615D67FF2283C32500D0100A /* Directions.swift */,
				619AFE5C22871E81000784A4 /* TextureSet.swift */,
				2E07DAFC229DAA2F0092217F /* GameEncodingBuffer.swift */,
				6117704E22A2B54100F67AB8 /* ScoringPacket.swift */,
			);
			path = "Data Structures";
			sourceTree = "<group>";
		};
		2EB4D6892289EA6F009F5F3E /* Trophy System */ = {
			isa = PBXGroup;
			children = (
				2EB4D68A2289EA96009F5F3E /* Trophy.swift */,
			);
			path = "Trophy System";
			sourceTree = "<group>";
		};
		2EDD7A952280B68A002B7783 /* Extensions */ = {
			isa = PBXGroup;
			children = (
				2EDD7A962280B6C4002B7783 /* NodeToDir.swift */,
				61E0D1FA228110B700A6DE5C /* GraphCreation.swift */,
				61F7C6A9228EF5F20006597B /* GraphNodeEquality.swift */,
				61DA9DD92298E27500129D34 /* BestFittingUIFont.swift */,
				61DA9DDB2298E2BD00129D34 /* FitToBoundsLabel.swift */,
			);
			path = Extensions;
			sourceTree = "<group>";
		};
		5904ADE617A4FEFF47F49CB4 /* Pods */ = {
			isa = PBXGroup;
			children = (
				4B902D139DE70F3F9EDA8D52 /* Pods-Maze-Snake.debug.xcconfig */,
				81222F015F1D4FAF48765096 /* Pods-Maze-Snake.release.xcconfig */,
				FD7F01F40A32466DAF462D56 /* Pods-Maze-SnakeTests.debug.xcconfig */,
				58A47ACEA6407DD66FE2207D /* Pods-Maze-SnakeTests.release.xcconfig */,
				D6A09E0AE737391E00D83005 /* Pods-Maze-SnakeUITests.debug.xcconfig */,
				82F6C88E1CD707E10423CA06 /* Pods-Maze-SnakeUITests.release.xcconfig */,
			);
			name = Pods;
			path = Pods;
			sourceTree = "<group>";
		};
		611196202284DC070075EEC9 /* Utility */ = {
			isa = PBXGroup;
			children = (
				2E9C4D012284AF4A009C9BFA /* AnalogStick.swift */,
				6111961E2284C4300075EEC9 /* MiniMapNode.swift */,
				44ACC50922906F8E0054C91A /* InfoDisplay.swift */,
				61930BDD227DE97500550DD0 /* Tile Manager */,
			);
			path = Utility;
			sourceTree = "<group>";
		};
		61930BDD227DE97500550DD0 /* Tile Manager */ = {
			isa = PBXGroup;
			children = (
				61930BD7227D1B0700550DD0 /* TileController.swift */,
				61930BD5227D19C200550DD0 /* TileNode.swift */,
			);
			path = "Tile Manager";
			sourceTree = "<group>";
		};
		61930BDE227DE99100550DD0 /* Maze Generation */ = {
			isa = PBXGroup;
			children = (
				61930BDB227DE7BF00550DD0 /* Maze.swift */,
			);
			path = "Maze Generation";
			sourceTree = "<group>";
		};
		619FEA29228CEDBD00C28842 /* Monster */ = {
			isa = PBXGroup;
			children = (
				619FEA2B228CEE4600C28842 /* Monster.swift */,
			);
			path = Monster;
			sourceTree = "<group>";
		};
		619FEA2A228CEDE800C28842 /* Game Mechanics */ = {
			isa = PBXGroup;
			children = (
				619FEA29228CEDBD00C28842 /* Monster */,
				2EB4D6892289EA6F009F5F3E /* Trophy System */,
				61B483112283976B0045BF3A /* Player Model */,
				61930BDE227DE99100550DD0 /* Maze Generation */,
			);
			path = "Game Mechanics";
			sourceTree = "<group>";
		};
		61B483112283976B0045BF3A /* Player Model */ = {
			isa = PBXGroup;
			children = (
				61B48312228397AF0045BF3A /* Actor.swift */,
				61B48314228397EB0045BF3A /* Player.swift */,
				2E07DB00229DB2370092217F /* Opponent.swift */,
				615D67FB2283BD0A00D0100A /* AI.swift */,
				2E07DB02229DB3150092217F /* OtherPlayer.swift */,
			);
			path = "Player Model";
			sourceTree = "<group>";
		};
		61D584EE229F498100C751C5 /* Sounds */ = {
			isa = PBXGroup;
			children = (
				61D584F1229F4EA300C751C5 /* Music Assets */,
				61D584EF229F4BA300C751C5 /* SoundController.swift */,
				61D584FE229F619700C751C5 /* SFXController.swift */,
			);
			path = Sounds;
			sourceTree = "<group>";
		};
		61D584F1229F4EA300C751C5 /* Music Assets */ = {
			isa = PBXGroup;
			children = (
				61D584F2229F4EC800C751C5 /* background-music.wav */,
				61D584F6229F4EC800C751C5 /* death.wav */,
				61D584F3229F4EC800C751C5 /* end.wav */,
				61D584F4229F4EC800C751C5 /* footsteps.wav */,
				61D584F7229F4EC900C751C5 /* game-over.wav */,
				61D584F5229F4EC800C751C5 /* trophy-collect.wav */,
			);
			path = "Music Assets";
			sourceTree = "<group>";
		};
		61DAA853227CFAB8000FE4D0 /* SKS Resources */ = {
			isa = PBXGroup;
			children = (
				2E39DF46227B65CA00EA1C84 /* Actions.sks */,
				61163AEC227CECDB001F49E1 /* Tiles.sks */,
				61930BD9227DD12200550DD0 /* TestTIles.sks */,
			);
			path = "SKS Resources";
			sourceTree = "<group>";
		};
		61DAA854227CFAD6000FE4D0 /* Scene */ = {
			isa = PBXGroup;
			children = (
				2E39DF44227B65CA00EA1C84 /* AIGameScene.sks */,
				2E07DB07229DBECD0092217F /* PvPGameScene.sks */,
				2E07DAFE229DAFEF0092217F /* AIGameScene.swift */,
				2E07DB05229DBE500092217F /* PvPGameScene.swift */,
				44A0D10C229E1CC5001C9706 /* PvPConnectionExt.swift */,
			);
			path = Scene;
			sourceTree = "<group>";
		};
		61DAA855227CFAE2000FE4D0 /* ViewController */ = {
			isa = PBXGroup;
			children = (
				2E39DF4A227B65CA00EA1C84 /* GameViewController.swift */,
				2E07DB09229DC06D0092217F /* PvPViewController.swift */,
			);
			path = ViewController;
			sourceTree = "<group>";
		};
		61DAA858227CFBBC000FE4D0 /* Menu Screens */ = {
			isa = PBXGroup;
			children = (
				61DAA859227CFBD1000FE4D0 /* MainViewController.swift */,
				2ECD0A4F229870D200318C0B /* SettingsViewController.swift */,
				2E1362AA22971D190055DEF0 /* PlayViewController.swift */,
			);
			path = "Menu Screens";
			sourceTree = "<group>";
		};
		61DE97D82299705300EE28E3 /* Game Inits */ = {
			isa = PBXGroup;
			children = (
				44F2474222949F2300C69AA0 /* GameSceneExt.swift */,
			);
			path = "Game Inits";
			sourceTree = "<group>";
		};
		61DE97D92299708800EE28E3 /* Physcics Contact */ = {
			isa = PBXGroup;
			children = (
				61DE97DA2299712400EE28E3 /* Collision Detection.swift */,
			);
			path = "Physcics Contact";
			sourceTree = "<group>";
		};
/* End PBXGroup section */

/* Begin PBXNativeTarget section */
		2E39DF3E227B65CA00EA1C84 /* Maze-Snake */ = {
			isa = PBXNativeTarget;
			buildConfigurationList = 2E39DF6D227B65CB00EA1C84 /* Build configuration list for PBXNativeTarget "Maze-Snake" */;
			buildPhases = (
				D179F27A754669AE37E427CF /* [CP] Check Pods Manifest.lock */,
				2E39DF3B227B65CA00EA1C84 /* Sources */,
				2E39DF3C227B65CA00EA1C84 /* Frameworks */,
				2E39DF3D227B65CA00EA1C84 /* Resources */,
				C6B2BD0340EFFEABB5F2BD74 /* [CP] Embed Pods Frameworks */,
			);
			buildRules = (
			);
			dependencies = (
			);
			name = "Maze-Snake";
			productName = "Maze-Snake";
			productReference = 2E39DF3F227B65CA00EA1C84 /* Maze-Snake.app */;
			productType = "com.apple.product-type.application";
		};
		2E39DF58227B65CA00EA1C84 /* Maze-SnakeTests */ = {
			isa = PBXNativeTarget;
			buildConfigurationList = 2E39DF70227B65CB00EA1C84 /* Build configuration list for PBXNativeTarget "Maze-SnakeTests" */;
			buildPhases = (
				64AB903AED98C97114FFEB71 /* [CP] Check Pods Manifest.lock */,
				2E39DF55227B65CA00EA1C84 /* Sources */,
				2E39DF56227B65CA00EA1C84 /* Frameworks */,
				2E39DF57227B65CA00EA1C84 /* Resources */,
			);
			buildRules = (
			);
			dependencies = (
				2E39DF5B227B65CA00EA1C84 /* PBXTargetDependency */,
			);
			name = "Maze-SnakeTests";
			productName = "Maze-SnakeTests";
			productReference = 2E39DF59227B65CA00EA1C84 /* Maze-SnakeTests.xctest */;
			productType = "com.apple.product-type.bundle.unit-test";
		};
		2E39DF63227B65CA00EA1C84 /* Maze-SnakeUITests */ = {
			isa = PBXNativeTarget;
			buildConfigurationList = 2E39DF73227B65CB00EA1C84 /* Build configuration list for PBXNativeTarget "Maze-SnakeUITests" */;
			buildPhases = (
				9F50336AB0EBEB979FD6079F /* [CP] Check Pods Manifest.lock */,
				2E39DF60227B65CA00EA1C84 /* Sources */,
				2E39DF61227B65CA00EA1C84 /* Frameworks */,
				2E39DF62227B65CA00EA1C84 /* Resources */,
			);
			buildRules = (
			);
			dependencies = (
				2E39DF66227B65CA00EA1C84 /* PBXTargetDependency */,
			);
			name = "Maze-SnakeUITests";
			productName = "Maze-SnakeUITests";
			productReference = 2E39DF64227B65CA00EA1C84 /* Maze-SnakeUITests.xctest */;
			productType = "com.apple.product-type.bundle.ui-testing";
		};
/* End PBXNativeTarget section */

/* Begin PBXProject section */
		2E39DF37227B65CA00EA1C84 /* Project object */ = {
			isa = PBXProject;
			attributes = {
				LastSwiftUpdateCheck = 1020;
				LastUpgradeCheck = 1020;
				ORGANIZATIONNAME = YBMW;
				TargetAttributes = {
					2E39DF3E227B65CA00EA1C84 = {
						CreatedOnToolsVersion = 10.2;
					};
					2E39DF58227B65CA00EA1C84 = {
						CreatedOnToolsVersion = 10.2;
						TestTargetID = 2E39DF3E227B65CA00EA1C84;
					};
					2E39DF63227B65CA00EA1C84 = {
						CreatedOnToolsVersion = 10.2;
						TestTargetID = 2E39DF3E227B65CA00EA1C84;
					};
				};
			};
			buildConfigurationList = 2E39DF3A227B65CA00EA1C84 /* Build configuration list for PBXProject "Maze-Snake" */;
			compatibilityVersion = "Xcode 9.3";
			developmentRegion = en;
			hasScannedForEncodings = 0;
			knownRegions = (
				en,
				Base,
			);
			mainGroup = 2E39DF36227B65CA00EA1C84;
			productRefGroup = 2E39DF40227B65CA00EA1C84 /* Products */;
			projectDirPath = "";
			projectRoot = "";
			targets = (
				2E39DF3E227B65CA00EA1C84 /* Maze-Snake */,
				2E39DF58227B65CA00EA1C84 /* Maze-SnakeTests */,
				2E39DF63227B65CA00EA1C84 /* Maze-SnakeUITests */,
			);
		};
/* End PBXProject section */

/* Begin PBXResourcesBuildPhase section */
		2E39DF3D227B65CA00EA1C84 /* Resources */ = {
			isa = PBXResourcesBuildPhase;
			buildActionMask = 2147483647;
			files = (
				2ECD0A5422987E6400318C0B /* walkingUp.atlas in Resources */,
				61D584FC229F4EC900C751C5 /* death.wav in Resources */,
				61D584FA229F4EC900C751C5 /* footsteps.wav in Resources */,
				2ECD0A522298766C00318C0B /* walkingLeft.atlas in Resources */,
				2E39DF4E227B65CA00EA1C84 /* Main.storyboard in Resources */,
				2E39DF45227B65CA00EA1C84 /* AIGameScene.sks in Resources */,
				2ECD0A5622987F3400318C0B /* walkingRight.atlas in Resources */,
				2E47C74E229721C50007576C /* walkingDown.atlas in Resources */,
				61D584FB229F4EC900C751C5 /* trophy-collect.wav in Resources */,
				61163AEE227CECDB001F49E1 /* Tiles.sks in Resources */,
				61D584FD229F4EC900C751C5 /* game-over.wav in Resources */,
				2E8B678022A19F57005BC45B /* GoogleService-Info.plist in Resources */,
				2E39DF53227B65CA00EA1C84 /* LaunchScreen.storyboard in Resources */,
				61D584F9229F4EC900C751C5 /* end.wav in Resources */,
				61D584F8229F4EC900C751C5 /* background-music.wav in Resources */,
				61930BDA227DD12200550DD0 /* TestTIles.sks in Resources */,
				2E07DB08229DBECD0092217F /* PvPGameScene.sks in Resources */,
				61163AEF227CECDB001F49E1 /* Assets.xcassets in Resources */,
				2E39DF47227B65CA00EA1C84 /* Actions.sks in Resources */,
			);
			runOnlyForDeploymentPostprocessing = 0;
		};
		2E39DF57227B65CA00EA1C84 /* Resources */ = {
			isa = PBXResourcesBuildPhase;
			buildActionMask = 2147483647;
			files = (
			);
			runOnlyForDeploymentPostprocessing = 0;
		};
		2E39DF62227B65CA00EA1C84 /* Resources */ = {
			isa = PBXResourcesBuildPhase;
			buildActionMask = 2147483647;
			files = (
			);
			runOnlyForDeploymentPostprocessing = 0;
		};
/* End PBXResourcesBuildPhase section */

/* Begin PBXShellScriptBuildPhase section */
		64AB903AED98C97114FFEB71 /* [CP] Check Pods Manifest.lock */ = {
			isa = PBXShellScriptBuildPhase;
			buildActionMask = 2147483647;
			files = (
			);
			inputFileListPaths = (
			);
			inputPaths = (
				"${PODS_PODFILE_DIR_PATH}/Podfile.lock",
				"${PODS_ROOT}/Manifest.lock",
			);
			name = "[CP] Check Pods Manifest.lock";
			outputFileListPaths = (
			);
			outputPaths = (
				"$(DERIVED_FILE_DIR)/Pods-Maze-SnakeTests-checkManifestLockResult.txt",
			);
			runOnlyForDeploymentPostprocessing = 0;
			shellPath = /bin/sh;
			shellScript = "diff \"${PODS_PODFILE_DIR_PATH}/Podfile.lock\" \"${PODS_ROOT}/Manifest.lock\" > /dev/null\nif [ $? != 0 ] ; then\n    # print error to STDERR\n    echo \"error: The sandbox is not in sync with the Podfile.lock. Run 'pod install' or update your CocoaPods installation.\" >&2\n    exit 1\nfi\n# This output is used by Xcode 'outputs' to avoid re-running this script phase.\necho \"SUCCESS\" > \"${SCRIPT_OUTPUT_FILE_0}\"\n";
			showEnvVarsInLog = 0;
		};
		9F50336AB0EBEB979FD6079F /* [CP] Check Pods Manifest.lock */ = {
			isa = PBXShellScriptBuildPhase;
			buildActionMask = 2147483647;
			files = (
			);
			inputFileListPaths = (
			);
			inputPaths = (
				"${PODS_PODFILE_DIR_PATH}/Podfile.lock",
				"${PODS_ROOT}/Manifest.lock",
			);
			name = "[CP] Check Pods Manifest.lock";
			outputFileListPaths = (
			);
			outputPaths = (
				"$(DERIVED_FILE_DIR)/Pods-Maze-SnakeUITests-checkManifestLockResult.txt",
			);
			runOnlyForDeploymentPostprocessing = 0;
			shellPath = /bin/sh;
			shellScript = "diff \"${PODS_PODFILE_DIR_PATH}/Podfile.lock\" \"${PODS_ROOT}/Manifest.lock\" > /dev/null\nif [ $? != 0 ] ; then\n    # print error to STDERR\n    echo \"error: The sandbox is not in sync with the Podfile.lock. Run 'pod install' or update your CocoaPods installation.\" >&2\n    exit 1\nfi\n# This output is used by Xcode 'outputs' to avoid re-running this script phase.\necho \"SUCCESS\" > \"${SCRIPT_OUTPUT_FILE_0}\"\n";
			showEnvVarsInLog = 0;
		};
		C6B2BD0340EFFEABB5F2BD74 /* [CP] Embed Pods Frameworks */ = {
			isa = PBXShellScriptBuildPhase;
			buildActionMask = 2147483647;
			files = (
			);
			inputFileListPaths = (
			);
			inputPaths = (
				"${PODS_ROOT}/Target Support Files/Pods-Maze-Snake/Pods-Maze-Snake-frameworks.sh",
				"${BUILT_PRODUCTS_DIR}/GoogleUtilities/GoogleUtilities.framework",
				"${BUILT_PRODUCTS_DIR}/nanopb/nanopb.framework",
			);
			name = "[CP] Embed Pods Frameworks";
			outputFileListPaths = (
			);
			outputPaths = (
				"${TARGET_BUILD_DIR}/${FRAMEWORKS_FOLDER_PATH}/GoogleUtilities.framework",
				"${TARGET_BUILD_DIR}/${FRAMEWORKS_FOLDER_PATH}/nanopb.framework",
			);
			runOnlyForDeploymentPostprocessing = 0;
			shellPath = /bin/sh;
			shellScript = "\"${PODS_ROOT}/Target Support Files/Pods-Maze-Snake/Pods-Maze-Snake-frameworks.sh\"\n";
			showEnvVarsInLog = 0;
		};
		D179F27A754669AE37E427CF /* [CP] Check Pods Manifest.lock */ = {
			isa = PBXShellScriptBuildPhase;
			buildActionMask = 2147483647;
			files = (
			);
			inputFileListPaths = (
			);
			inputPaths = (
				"${PODS_PODFILE_DIR_PATH}/Podfile.lock",
				"${PODS_ROOT}/Manifest.lock",
			);
			name = "[CP] Check Pods Manifest.lock";
			outputFileListPaths = (
			);
			outputPaths = (
				"$(DERIVED_FILE_DIR)/Pods-Maze-Snake-checkManifestLockResult.txt",
			);
			runOnlyForDeploymentPostprocessing = 0;
			shellPath = /bin/sh;
			shellScript = "diff \"${PODS_PODFILE_DIR_PATH}/Podfile.lock\" \"${PODS_ROOT}/Manifest.lock\" > /dev/null\nif [ $? != 0 ] ; then\n    # print error to STDERR\n    echo \"error: The sandbox is not in sync with the Podfile.lock. Run 'pod install' or update your CocoaPods installation.\" >&2\n    exit 1\nfi\n# This output is used by Xcode 'outputs' to avoid re-running this script phase.\necho \"SUCCESS\" > \"${SCRIPT_OUTPUT_FILE_0}\"\n";
			showEnvVarsInLog = 0;
		};
/* End PBXShellScriptBuildPhase section */

/* Begin PBXSourcesBuildPhase section */
		2E39DF3B227B65CA00EA1C84 /* Sources */ = {
			isa = PBXSourcesBuildPhase;
			buildActionMask = 2147483647;
			files = (
				619FEA2C228CEE4600C28842 /* Monster.swift in Sources */,
				44A0D10D229E1CC5001C9706 /* PvPConnectionExt.swift in Sources */,
				61E0D1FB228110B700A6DE5C /* GraphCreation.swift in Sources */,
				61DE97DB2299712400EE28E3 /* Collision Detection.swift in Sources */,
				2E39DF49227B65CA00EA1C84 /* GameScene.swift in Sources */,
				2EB4D68B2289EA96009F5F3E /* Trophy.swift in Sources */,
				2EDD7A972280B6C4002B7783 /* NodeToDir.swift in Sources */,
				61930BD8227D1B0700550DD0 /* TileController.swift in Sources */,
				61DA9DDC2298E2BD00129D34 /* FitToBoundsLabel.swift in Sources */,
				615D68002283C32500D0100A /* Directions.swift in Sources */,
				61B48315228397EB0045BF3A /* Player.swift in Sources */,
				2E07DAFF229DAFEF0092217F /* AIGameScene.swift in Sources */,
				44ACC50A22906F8E0054C91A /* InfoDisplay.swift in Sources */,
				6111961F2284C4300075EEC9 /* MiniMapNode.swift in Sources */,
				615D67FC2283BD0A00D0100A /* AI.swift in Sources */,
				2E1362AB22971D190055DEF0 /* PlayViewController.swift in Sources */,
				61F7C6AA228EF5F20006597B /* GraphNodeEquality.swift in Sources */,
				61D584FF229F619700C751C5 /* SFXController.swift in Sources */,
				61DA9DDA2298E27500129D34 /* BestFittingUIFont.swift in Sources */,
				2E07DB0A229DC06D0092217F /* PvPViewController.swift in Sources */,
				61B48313228397AF0045BF3A /* Actor.swift in Sources */,
				2E39DF4B227B65CA00EA1C84 /* GameViewController.swift in Sources */,
				615D67FE2283C0D100D0100A /* GridPosition.swift in Sources */,
				61930BD6227D19C200550DD0 /* TileNode.swift in Sources */,
				2E07DAFD229DAA2F0092217F /* GameEncodingBuffer.swift in Sources */,
				2E7870EB228205C900FB1303 /* Stack.swift in Sources */,
				61D584F0229F4BA300C751C5 /* SoundController.swift in Sources */,
				2E9C4D022284AF4A009C9BFA /* AnalogStick.swift in Sources */,
				61930BDC227DE7BF00550DD0 /* Maze.swift in Sources */,
				2E39DF43227B65CA00EA1C84 /* AppDelegate.swift in Sources */,
				2E07DB06229DBE500092217F /* PvPGameScene.swift in Sources */,
				619AFE5D22871E81000784A4 /* TextureSet.swift in Sources */,
				2E07DB03229DB3150092217F /* OtherPlayer.swift in Sources */,
				2ECD0A50229870D200318C0B /* SettingsViewController.swift in Sources */,
				44F2474322949F2300C69AA0 /* GameSceneExt.swift in Sources */,
				6117704F22A2B54100F67AB8 /* ScoringPacket.swift in Sources */,
				2E07DB01229DB2370092217F /* Opponent.swift in Sources */,
				61DAA85A227CFBD1000FE4D0 /* MainViewController.swift in Sources */,
			);
			runOnlyForDeploymentPostprocessing = 0;
		};
		2E39DF55227B65CA00EA1C84 /* Sources */ = {
			isa = PBXSourcesBuildPhase;
			buildActionMask = 2147483647;
			files = (
				2E39DF5E227B65CA00EA1C84 /* Maze_SnakeTests.swift in Sources */,
			);
			runOnlyForDeploymentPostprocessing = 0;
		};
		2E39DF60227B65CA00EA1C84 /* Sources */ = {
			isa = PBXSourcesBuildPhase;
			buildActionMask = 2147483647;
			files = (
				2E39DF69227B65CA00EA1C84 /* Maze_SnakeUITests.swift in Sources */,
			);
			runOnlyForDeploymentPostprocessing = 0;
		};
/* End PBXSourcesBuildPhase section */

/* Begin PBXTargetDependency section */
		2E39DF5B227B65CA00EA1C84 /* PBXTargetDependency */ = {
			isa = PBXTargetDependency;
			target = 2E39DF3E227B65CA00EA1C84 /* Maze-Snake */;
			targetProxy = 2E39DF5A227B65CA00EA1C84 /* PBXContainerItemProxy */;
		};
		2E39DF66227B65CA00EA1C84 /* PBXTargetDependency */ = {
			isa = PBXTargetDependency;
			target = 2E39DF3E227B65CA00EA1C84 /* Maze-Snake */;
			targetProxy = 2E39DF65227B65CA00EA1C84 /* PBXContainerItemProxy */;
		};
/* End PBXTargetDependency section */

/* Begin PBXVariantGroup section */
		2E39DF4C227B65CA00EA1C84 /* Main.storyboard */ = {
			isa = PBXVariantGroup;
			children = (
				2E39DF4D227B65CA00EA1C84 /* Base */,
			);
			name = Main.storyboard;
			sourceTree = "<group>";
		};
		2E39DF51227B65CA00EA1C84 /* LaunchScreen.storyboard */ = {
			isa = PBXVariantGroup;
			children = (
				2E39DF52227B65CA00EA1C84 /* Base */,
			);
			name = LaunchScreen.storyboard;
			sourceTree = "<group>";
		};
/* End PBXVariantGroup section */

/* Begin XCBuildConfiguration section */
		2E39DF6B227B65CB00EA1C84 /* Debug */ = {
			isa = XCBuildConfiguration;
			buildSettings = {
				ALWAYS_SEARCH_USER_PATHS = NO;
				CLANG_ANALYZER_NONNULL = YES;
				CLANG_ANALYZER_NUMBER_OBJECT_CONVERSION = YES_AGGRESSIVE;
				CLANG_CXX_LANGUAGE_STANDARD = "gnu++14";
				CLANG_CXX_LIBRARY = "libc++";
				CLANG_ENABLE_MODULES = YES;
				CLANG_ENABLE_OBJC_ARC = YES;
				CLANG_ENABLE_OBJC_WEAK = YES;
				CLANG_WARN_BLOCK_CAPTURE_AUTORELEASING = YES;
				CLANG_WARN_BOOL_CONVERSION = YES;
				CLANG_WARN_COMMA = YES;
				CLANG_WARN_CONSTANT_CONVERSION = YES;
				CLANG_WARN_DEPRECATED_OBJC_IMPLEMENTATIONS = YES;
				CLANG_WARN_DIRECT_OBJC_ISA_USAGE = YES_ERROR;
				CLANG_WARN_DOCUMENTATION_COMMENTS = YES;
				CLANG_WARN_EMPTY_BODY = YES;
				CLANG_WARN_ENUM_CONVERSION = YES;
				CLANG_WARN_INFINITE_RECURSION = YES;
				CLANG_WARN_INT_CONVERSION = YES;
				CLANG_WARN_NON_LITERAL_NULL_CONVERSION = YES;
				CLANG_WARN_OBJC_IMPLICIT_RETAIN_SELF = YES;
				CLANG_WARN_OBJC_LITERAL_CONVERSION = YES;
				CLANG_WARN_OBJC_ROOT_CLASS = YES_ERROR;
				CLANG_WARN_RANGE_LOOP_ANALYSIS = YES;
				CLANG_WARN_STRICT_PROTOTYPES = YES;
				CLANG_WARN_SUSPICIOUS_MOVE = YES;
				CLANG_WARN_UNGUARDED_AVAILABILITY = YES_AGGRESSIVE;
				CLANG_WARN_UNREACHABLE_CODE = YES;
				CLANG_WARN__DUPLICATE_METHOD_MATCH = YES;
				CODE_SIGN_IDENTITY = "iPhone Developer";
				COPY_PHASE_STRIP = NO;
				DEBUG_INFORMATION_FORMAT = dwarf;
				ENABLE_STRICT_OBJC_MSGSEND = YES;
				ENABLE_TESTABILITY = YES;
				GCC_C_LANGUAGE_STANDARD = gnu11;
				GCC_DYNAMIC_NO_PIC = NO;
				GCC_NO_COMMON_BLOCKS = YES;
				GCC_OPTIMIZATION_LEVEL = 0;
				GCC_PREPROCESSOR_DEFINITIONS = (
					"DEBUG=1",
					"$(inherited)",
				);
				GCC_WARN_64_TO_32_BIT_CONVERSION = YES;
				GCC_WARN_ABOUT_RETURN_TYPE = YES_ERROR;
				GCC_WARN_UNDECLARED_SELECTOR = YES;
				GCC_WARN_UNINITIALIZED_AUTOS = YES_AGGRESSIVE;
				GCC_WARN_UNUSED_FUNCTION = YES;
				GCC_WARN_UNUSED_VARIABLE = YES;
				IPHONEOS_DEPLOYMENT_TARGET = 12.2;
				MTL_ENABLE_DEBUG_INFO = INCLUDE_SOURCE;
				MTL_FAST_MATH = YES;
				ONLY_ACTIVE_ARCH = YES;
				SDKROOT = iphoneos;
				SWIFT_ACTIVE_COMPILATION_CONDITIONS = DEBUG;
				SWIFT_OPTIMIZATION_LEVEL = "-Onone";
			};
			name = Debug;
		};
		2E39DF6C227B65CB00EA1C84 /* Release */ = {
			isa = XCBuildConfiguration;
			buildSettings = {
				ALWAYS_SEARCH_USER_PATHS = NO;
				CLANG_ANALYZER_NONNULL = YES;
				CLANG_ANALYZER_NUMBER_OBJECT_CONVERSION = YES_AGGRESSIVE;
				CLANG_CXX_LANGUAGE_STANDARD = "gnu++14";
				CLANG_CXX_LIBRARY = "libc++";
				CLANG_ENABLE_MODULES = YES;
				CLANG_ENABLE_OBJC_ARC = YES;
				CLANG_ENABLE_OBJC_WEAK = YES;
				CLANG_WARN_BLOCK_CAPTURE_AUTORELEASING = YES;
				CLANG_WARN_BOOL_CONVERSION = YES;
				CLANG_WARN_COMMA = YES;
				CLANG_WARN_CONSTANT_CONVERSION = YES;
				CLANG_WARN_DEPRECATED_OBJC_IMPLEMENTATIONS = YES;
				CLANG_WARN_DIRECT_OBJC_ISA_USAGE = YES_ERROR;
				CLANG_WARN_DOCUMENTATION_COMMENTS = YES;
				CLANG_WARN_EMPTY_BODY = YES;
				CLANG_WARN_ENUM_CONVERSION = YES;
				CLANG_WARN_INFINITE_RECURSION = YES;
				CLANG_WARN_INT_CONVERSION = YES;
				CLANG_WARN_NON_LITERAL_NULL_CONVERSION = YES;
				CLANG_WARN_OBJC_IMPLICIT_RETAIN_SELF = YES;
				CLANG_WARN_OBJC_LITERAL_CONVERSION = YES;
				CLANG_WARN_OBJC_ROOT_CLASS = YES_ERROR;
				CLANG_WARN_RANGE_LOOP_ANALYSIS = YES;
				CLANG_WARN_STRICT_PROTOTYPES = YES;
				CLANG_WARN_SUSPICIOUS_MOVE = YES;
				CLANG_WARN_UNGUARDED_AVAILABILITY = YES_AGGRESSIVE;
				CLANG_WARN_UNREACHABLE_CODE = YES;
				CLANG_WARN__DUPLICATE_METHOD_MATCH = YES;
				CODE_SIGN_IDENTITY = "iPhone Developer";
				COPY_PHASE_STRIP = NO;
				DEBUG_INFORMATION_FORMAT = "dwarf-with-dsym";
				ENABLE_NS_ASSERTIONS = NO;
				ENABLE_STRICT_OBJC_MSGSEND = YES;
				GCC_C_LANGUAGE_STANDARD = gnu11;
				GCC_NO_COMMON_BLOCKS = YES;
				GCC_WARN_64_TO_32_BIT_CONVERSION = YES;
				GCC_WARN_ABOUT_RETURN_TYPE = YES_ERROR;
				GCC_WARN_UNDECLARED_SELECTOR = YES;
				GCC_WARN_UNINITIALIZED_AUTOS = YES_AGGRESSIVE;
				GCC_WARN_UNUSED_FUNCTION = YES;
				GCC_WARN_UNUSED_VARIABLE = YES;
				IPHONEOS_DEPLOYMENT_TARGET = 12.2;
				MTL_ENABLE_DEBUG_INFO = NO;
				MTL_FAST_MATH = YES;
				SDKROOT = iphoneos;
				SWIFT_COMPILATION_MODE = wholemodule;
				SWIFT_OPTIMIZATION_LEVEL = "-O";
				VALIDATE_PRODUCT = YES;
			};
			name = Release;
		};
		2E39DF6E227B65CB00EA1C84 /* Debug */ = {
			isa = XCBuildConfiguration;
			baseConfigurationReference = 4B902D139DE70F3F9EDA8D52 /* Pods-Maze-Snake.debug.xcconfig */;
			buildSettings = {
				ASSETCATALOG_COMPILER_APPICON_NAME = AppIcon;
				CODE_SIGN_STYLE = Automatic;
				DEVELOPMENT_TEAM = 2XGL4K68PY;
				INFOPLIST_FILE = "Maze-Snake/Info.plist";
				LD_RUNPATH_SEARCH_PATHS = (
					"$(inherited)",
					"@executable_path/Frameworks",
				);
				PRODUCT_BUNDLE_IDENTIFIER = "com.YBMW.Maze-Snake1";
				PRODUCT_NAME = "$(TARGET_NAME)";
				SWIFT_VERSION = 5.0;
				TARGETED_DEVICE_FAMILY = 1;
			};
			name = Debug;
		};
		2E39DF6F227B65CB00EA1C84 /* Release */ = {
			isa = XCBuildConfiguration;
			baseConfigurationReference = 81222F015F1D4FAF48765096 /* Pods-Maze-Snake.release.xcconfig */;
			buildSettings = {
				ASSETCATALOG_COMPILER_APPICON_NAME = AppIcon;
				CODE_SIGN_STYLE = Automatic;
				DEVELOPMENT_TEAM = 2XGL4K68PY;
				INFOPLIST_FILE = "Maze-Snake/Info.plist";
				LD_RUNPATH_SEARCH_PATHS = (
					"$(inherited)",
					"@executable_path/Frameworks",
				);
				PRODUCT_BUNDLE_IDENTIFIER = "com.YBMW.Maze-Snake1";
				PRODUCT_NAME = "$(TARGET_NAME)";
				SWIFT_VERSION = 5.0;
				TARGETED_DEVICE_FAMILY = 1;
			};
			name = Release;
		};
		2E39DF71227B65CB00EA1C84 /* Debug */ = {
			isa = XCBuildConfiguration;
			baseConfigurationReference = FD7F01F40A32466DAF462D56 /* Pods-Maze-SnakeTests.debug.xcconfig */;
			buildSettings = {
				ALWAYS_EMBED_SWIFT_STANDARD_LIBRARIES = YES;
				BUNDLE_LOADER = "$(TEST_HOST)";
				CODE_SIGN_STYLE = Automatic;
				INFOPLIST_FILE = "Maze-SnakeTests/Info.plist";
				LD_RUNPATH_SEARCH_PATHS = (
					"$(inherited)",
					"@executable_path/Frameworks",
					"@loader_path/Frameworks",
				);
				PRODUCT_BUNDLE_IDENTIFIER = "com.YBMW.Maze-SnakeTests";
				PRODUCT_NAME = "$(TARGET_NAME)";
				SWIFT_VERSION = 5.0;
				TARGETED_DEVICE_FAMILY = "1,2";
				TEST_HOST = "$(BUILT_PRODUCTS_DIR)/Maze-Snake.app/Maze-Snake";
			};
			name = Debug;
		};
		2E39DF72227B65CB00EA1C84 /* Release */ = {
			isa = XCBuildConfiguration;
			baseConfigurationReference = 58A47ACEA6407DD66FE2207D /* Pods-Maze-SnakeTests.release.xcconfig */;
			buildSettings = {
				ALWAYS_EMBED_SWIFT_STANDARD_LIBRARIES = YES;
				BUNDLE_LOADER = "$(TEST_HOST)";
				CODE_SIGN_STYLE = Automatic;
				INFOPLIST_FILE = "Maze-SnakeTests/Info.plist";
				LD_RUNPATH_SEARCH_PATHS = (
					"$(inherited)",
					"@executable_path/Frameworks",
					"@loader_path/Frameworks",
				);
				PRODUCT_BUNDLE_IDENTIFIER = "com.YBMW.Maze-SnakeTests";
				PRODUCT_NAME = "$(TARGET_NAME)";
				SWIFT_VERSION = 5.0;
				TARGETED_DEVICE_FAMILY = "1,2";
				TEST_HOST = "$(BUILT_PRODUCTS_DIR)/Maze-Snake.app/Maze-Snake";
			};
			name = Release;
		};
		2E39DF74227B65CB00EA1C84 /* Debug */ = {
			isa = XCBuildConfiguration;
			baseConfigurationReference = D6A09E0AE737391E00D83005 /* Pods-Maze-SnakeUITests.debug.xcconfig */;
			buildSettings = {
				ALWAYS_EMBED_SWIFT_STANDARD_LIBRARIES = YES;
				CODE_SIGN_STYLE = Automatic;
				INFOPLIST_FILE = "Maze-SnakeUITests/Info.plist";
				LD_RUNPATH_SEARCH_PATHS = (
					"$(inherited)",
					"@executable_path/Frameworks",
					"@loader_path/Frameworks",
				);
				PRODUCT_BUNDLE_IDENTIFIER = "com.YBMW.Maze-SnakeUITests";
				PRODUCT_NAME = "$(TARGET_NAME)";
				SWIFT_VERSION = 5.0;
				TARGETED_DEVICE_FAMILY = "1,2";
				TEST_TARGET_NAME = "Maze-Snake";
			};
			name = Debug;
		};
		2E39DF75227B65CB00EA1C84 /* Release */ = {
			isa = XCBuildConfiguration;
			baseConfigurationReference = 82F6C88E1CD707E10423CA06 /* Pods-Maze-SnakeUITests.release.xcconfig */;
			buildSettings = {
				ALWAYS_EMBED_SWIFT_STANDARD_LIBRARIES = YES;
				CODE_SIGN_STYLE = Automatic;
				INFOPLIST_FILE = "Maze-SnakeUITests/Info.plist";
				LD_RUNPATH_SEARCH_PATHS = (
					"$(inherited)",
					"@executable_path/Frameworks",
					"@loader_path/Frameworks",
				);
				PRODUCT_BUNDLE_IDENTIFIER = "com.YBMW.Maze-SnakeUITests";
				PRODUCT_NAME = "$(TARGET_NAME)";
				SWIFT_VERSION = 5.0;
				TARGETED_DEVICE_FAMILY = "1,2";
				TEST_TARGET_NAME = "Maze-Snake";
			};
			name = Release;
		};
/* End XCBuildConfiguration section */

/* Begin XCConfigurationList section */
		2E39DF3A227B65CA00EA1C84 /* Build configuration list for PBXProject "Maze-Snake" */ = {
			isa = XCConfigurationList;
			buildConfigurations = (
				2E39DF6B227B65CB00EA1C84 /* Debug */,
				2E39DF6C227B65CB00EA1C84 /* Release */,
			);
			defaultConfigurationIsVisible = 0;
			defaultConfigurationName = Release;
		};
		2E39DF6D227B65CB00EA1C84 /* Build configuration list for PBXNativeTarget "Maze-Snake" */ = {
			isa = XCConfigurationList;
			buildConfigurations = (
				2E39DF6E227B65CB00EA1C84 /* Debug */,
				2E39DF6F227B65CB00EA1C84 /* Release */,
			);
			defaultConfigurationIsVisible = 0;
			defaultConfigurationName = Release;
		};
		2E39DF70227B65CB00EA1C84 /* Build configuration list for PBXNativeTarget "Maze-SnakeTests" */ = {
			isa = XCConfigurationList;
			buildConfigurations = (
				2E39DF71227B65CB00EA1C84 /* Debug */,
				2E39DF72227B65CB00EA1C84 /* Release */,
			);
			defaultConfigurationIsVisible = 0;
			defaultConfigurationName = Release;
		};
		2E39DF73227B65CB00EA1C84 /* Build configuration list for PBXNativeTarget "Maze-SnakeUITests" */ = {
			isa = XCConfigurationList;
			buildConfigurations = (
				2E39DF74227B65CB00EA1C84 /* Debug */,
				2E39DF75227B65CB00EA1C84 /* Release */,
			);
			defaultConfigurationIsVisible = 0;
			defaultConfigurationName = Release;
		};
/* End XCConfigurationList section */
	};
	rootObject = 2E39DF37227B65CA00EA1C84 /* Project object */;
}
